{
  "name": "cli-ac",
  "version": "1.0.2",
  "lockfileVersion": 1,
  "requires": true,
  "dependencies": {
    "cli-lib-ac": {
      "version": "1.0.1",
      "resolved": "https://registry.npmjs.org/cli-lib-ac/-/cli-lib-ac-1.0.1.tgz",
      "integrity": "sha512-hEW6r8CkiwSJ3zwUMMKX4D1EXnmkLIUrLWb3gtil6VLj6Mil1WcE+T+dSkkC3QW61+35PH479pDcwudGfji/nA=="
    }
  }
}
